
Microsoft Visual Studio Solution File, Format Version 12.00
# Visual Studio Version 17
VisualStudioVersion = 17.7.34202.233
MinimumVisualStudioVersion = 10.0.40219.1
Project("{FAE04EC0-301F-11D3-BF4B-00C04F79EFBC}") = "MBPC ConsoleApp", "MBPC ConsoleApp\MBPC ConsoleApp.csproj", "{FBF2A9A1-BAD7-4A70-B583-8D43343B019E}"
EndProject
Global
	GlobalSection(SolutionConfigurationPlatforms) = preSolution
		Debug|Any CPU = Debug|Any CPU
		Release|Any CPU = Release|Any CPU
	EndGlobalSection
	GlobalSection(ProjectConfigurationPlatforms) = postSolution
		{FBF2A9A1-BAD7-4A70-B583-8D43343B019E}.Debug|Any CPU.ActiveCfg = Debug|Any CPU
		{FBF2A9A1-BAD7-4A70-B583-8D43343B019E}.Debug|Any CPU.Build.0 = Debug|Any CPU
		{FBF2A9A1-BAD7-4A70-B583-8D43343B019E}.Release|Any CPU.ActiveCfg = Release|Any CPU
		{FBF2A9A1-BAD7-4A70-B583-8D43343B019E}.Release|Any CPU.Build.0 = Release|Any CPU
	EndGlobalSection
	GlobalSection(SolutionProperties) = preSolution
		HideSolutionNode = FALSE
	EndGlobalSection
	GlobalSection(ExtensibilityGlobals) = postSolution
		SolutionGuid = {A23437AD-84EB-4A9F-AE21-006DF131397C}
	EndGlobalSection
EndGlobal
